
Microsoft Visual Studio Solution File, Format Version 12.00
# Visual Studio Version 17
VisualStudioVersion = 17.8.34322.80
MinimumVisualStudioVersion = 10.0.40219.1
Project("{FAE04EC0-301F-11D3-BF4B-00C04F79EFBC}") = "AppXamarin001.UWP", "AppXamarin001\AppXamarin001.UWP\AppXamarin001.UWP.csproj", "{1BB639DB-D70E-4472-BBCA-CED151F4B0FF}"
EndProject
Project("{FAE04EC0-301F-11D3-BF4B-00C04F79EFBC}") = "AppXamarin001.Android", "AppXamarin001\AppXamarin001.Android\AppXamarin001.Android.csproj", "{40C979B9-F39F-4B9F-904F-1141FBADD9F1}"
EndProject
Project("{FAE04EC0-301F-11D3-BF4B-00C04F79EFBC}") = "AppXamarin001.iOS", "AppXamarin001\AppXamarin001.iOS\AppXamarin001.iOS.csproj", "{89090B7D-1465-4AA0-8603-9FFDEA8CD640}"
EndProject
Project("{FAE04EC0-301F-11D3-BF4B-00C04F79EFBC}") = "AppXamarin001", "AppXamarin001\AppXamarin001\AppXamarin001.csproj", "{EA0EF3E0-F6F1-43A8-8D1C-5D8CEF879D05}"
EndProject
Global
	GlobalSection(SolutionConfigurationPlatforms) = preSolution
		Debug|Any CPU = Debug|Any CPU
		Debug|ARM = Debug|ARM
		Debug|iPhone = Debug|iPhone
		Debug|iPhoneSimulator = Debug|iPhoneSimulator
		Debug|x64 = Debug|x64
		Debug|x86 = Debug|x86
		Release|Any CPU = Release|Any CPU
		Release|ARM = Release|ARM
		Release|iPhone = Release|iPhone
		Release|iPhoneSimulator = Release|iPhoneSimulator
		Release|x64 = Release|x64
		Release|x86 = Release|x86
	EndGlobalSection
	GlobalSection(ProjectConfigurationPlatforms) = postSolution
		{1BB639DB-D70E-4472-BBCA-CED151F4B0FF}.Debug|Any CPU.ActiveCfg = Debug|x64
		{1BB639DB-D70E-4472-BBCA-CED151F4B0FF}.Debug|Any CPU.Build.0 = Debug|x64
		{1BB639DB-D70E-4472-BBCA-CED151F4B0FF}.Debug|Any CPU.Deploy.0 = Debug|x64
		{1BB639DB-D70E-4472-BBCA-CED151F4B0FF}.Debug|ARM.ActiveCfg = Debug|ARM
		{1BB639DB-D70E-4472-BBCA-CED151F4B0FF}.Debug|ARM.Build.0 = Debug|ARM
		{1BB639DB-D70E-4472-BBCA-CED151F4B0FF}.Debug|ARM.Deploy.0 = Debug|ARM
		{1BB639DB-D70E-4472-BBCA-CED151F4B0FF}.Debug|iPhone.ActiveCfg = Debug|x64
		{1BB639DB-D70E-4472-BBCA-CED151F4B0FF}.Debug|iPhone.Build.0 = Debug|x64
		{1BB639DB-D70E-4472-BBCA-CED151F4B0FF}.Debug|iPhone.Deploy.0 = Debug|x64
		{1BB639DB-D70E-4472-BBCA-CED151F4B0FF}.Debug|iPhoneSimulator.ActiveCfg = Debug|x64
		{1BB639DB-D70E-4472-BBCA-CED151F4B0FF}.Debug|iPhoneSimulator.Build.0 = Debug|x64
		{1BB639DB-D70E-4472-BBCA-CED151F4B0FF}.Debug|iPhoneSimulator.Deploy.0 = Debug|x64
		{1BB639DB-D70E-4472-BBCA-CED151F4B0FF}.Debug|x64.ActiveCfg = Debug|x64
		{1BB639DB-D70E-4472-BBCA-CED151F4B0FF}.Debug|x64.Build.0 = Debug|x64
		{1BB639DB-D70E-4472-BBCA-CED151F4B0FF}.Debug|x64.Deploy.0 = Debug|x64
		{1BB639DB-D70E-4472-BBCA-CED151F4B0FF}.Debug|x86.ActiveCfg = Debug|x86
		{1BB639DB-D70E-4472-BBCA-CED151F4B0FF}.Debug|x86.Build.0 = Debug|x86
		{1BB639DB-D70E-4472-BBCA-CED151F4B0FF}.Debug|x86.Deploy.0 = Debug|x86
		{1BB639DB-D70E-4472-BBCA-CED151F4B0FF}.Release|Any CPU.ActiveCfg = Release|x64
		{1BB639DB-D70E-4472-BBCA-CED151F4B0FF}.Release|Any CPU.Build.0 = Release|x64
		{1BB639DB-D70E-4472-BBCA-CED151F4B0FF}.Release|Any CPU.Deploy.0 = Release|x64
		{1BB639DB-D70E-4472-BBCA-CED151F4B0FF}.Release|ARM.ActiveCfg = Release|ARM
		{1BB639DB-D70E-4472-BBCA-CED151F4B0FF}.Release|ARM.Build.0 = Release|ARM
		{1BB639DB-D70E-4472-BBCA-CED151F4B0FF}.Release|ARM.Deploy.0 = Release|ARM
		{1BB639DB-D70E-4472-BBCA-CED151F4B0FF}.Release|iPhone.ActiveCfg = Release|x64
		{1BB639DB-D70E-4472-BBCA-CED151F4B0FF}.Release|iPhone.Build.0 = Release|x64
		{1BB639DB-D70E-4472-BBCA-CED151F4B0FF}.Release|iPhone.Deploy.0 = Release|x64
		{1BB639DB-D70E-4472-BBCA-CED151F4B0FF}.Release|iPhoneSimulator.ActiveCfg = Release|x64
		{1BB639DB-D70E-4472-BBCA-CED151F4B0FF}.Release|iPhoneSimulator.Build.0 = Release|x64
		{1BB639DB-D70E-4472-BBCA-CED151F4B0FF}.Release|iPhoneSimulator.Deploy.0 = Release|x64
		{1BB639DB-D70E-4472-BBCA-CED151F4B0FF}.Release|x64.ActiveCfg = Release|x64
		{1BB639DB-D70E-4472-BBCA-CED151F4B0FF}.Release|x64.Build.0 = Release|x64
		{1BB639DB-D70E-4472-BBCA-CED151F4B0FF}.Release|x64.Deploy.0 = Release|x64
		{1BB639DB-D70E-4472-BBCA-CED151F4B0FF}.Release|x86.ActiveCfg = Release|x86
		{1BB639DB-D70E-4472-BBCA-CED151F4B0FF}.Release|x86.Build.0 = Release|x86
		{1BB639DB-D70E-4472-BBCA-CED151F4B0FF}.Release|x86.Deploy.0 = Release|x86
		{40C979B9-F39F-4B9F-904F-1141FBADD9F1}.Debug|Any CPU.ActiveCfg = Debug|Any CPU
		{40C979B9-F39F-4B9F-904F-1141FBADD9F1}.Debug|Any CPU.Build.0 = Debug|Any CPU
		{40C979B9-F39F-4B9F-904F-1141FBADD9F1}.Debug|Any CPU.Deploy.0 = Debug|Any CPU
		{40C979B9-F39F-4B9F-904F-1141FBADD9F1}.Debug|ARM.ActiveCfg = Debug|Any CPU
		{40C979B9-F39F-4B9F-904F-1141FBADD9F1}.Debug|ARM.Build.0 = Debug|Any CPU
		{40C979B9-F39F-4B9F-904F-1141FBADD9F1}.Debug|ARM.Deploy.0 = Debug|Any CPU
		{40C979B9-F39F-4B9F-904F-1141FBADD9F1}.Debug|iPhone.ActiveCfg = Debug|Any CPU
		{40C979B9-F39F-4B9F-904F-1141FBADD9F1}.Debug|iPhone.Build.0 = Debug|Any CPU
		{40C979B9-F39F-4B9F-904F-1141FBADD9F1}.Debug|iPhone.Deploy.0 = Debug|Any CPU
		{40C979B9-F39F-4B9F-904F-1141FBADD9F1}.Debug|iPhoneSimulator.ActiveCfg = Debug|Any CPU
		{40C979B9-F39F-4B9F-904F-1141FBADD9F1}.Debug|iPhoneSimulator.Build.0 = Debug|Any CPU
		{40C979B9-F39F-4B9F-904F-1141FBADD9F1}.Debug|iPhoneSimulator.Deploy.0 = Debug|Any CPU
		{40C979B9-F39F-4B9F-904F-1141FBADD9F1}.Debug|x64.ActiveCfg = Debug|Any CPU
		{40C979B9-F39F-4B9F-904F-1141FBADD9F1}.Debug|x64.Build.0 = Debug|Any CPU
		{40C979B9-F39F-4B9F-904F-1141FBADD9F1}.Debug|x64.Deploy.0 = Debug|Any CPU
		{40C979B9-F39F-4B9F-904F-1141FBADD9F1}.Debug|x86.ActiveCfg = Debug|Any CPU
		{40C979B9-F39F-4B9F-904F-1141FBADD9F1}.Debug|x86.Build.0 = Debug|Any CPU
		{40C979B9-F39F-4B9F-904F-1141FBADD9F1}.Debug|x86.Deploy.0 = Debug|Any CPU
		{40C979B9-F39F-4B9F-904F-1141FBADD9F1}.Release|Any CPU.ActiveCfg = Release|Any CPU
		{40C979B9-F39F-4B9F-904F-1141FBADD9F1}.Release|Any CPU.Build.0 = Release|Any CPU
		{40C979B9-F39F-4B9F-904F-1141FBADD9F1}.Release|Any CPU.Deploy.0 = Release|Any CPU
		{40C979B9-F39F-4B9F-904F-1141FBADD9F1}.Release|ARM.ActiveCfg = Release|Any CPU
		{40C979B9-F39F-4B9F-904F-1141FBADD9F1}.Release|ARM.Build.0 = Release|Any CPU
		{40C979B9-F39F-4B9F-904F-1141FBADD9F1}.Release|ARM.Deploy.0 = Release|Any CPU
		{40C979B9-F39F-4B9F-904F-1141FBADD9F1}.Release|iPhone.ActiveCfg = Release|Any CPU
		{40C979B9-F39F-4B9F-904F-1141FBADD9F1}.Release|iPhone.Build.0 = Release|Any CPU
		{40C979B9-F39F-4B9F-904F-1141FBADD9F1}.Release|iPhone.Deploy.0 = Release|Any CPU
		{40C979B9-F39F-4B9F-904F-1141FBADD9F1}.Release|iPhoneSimulator.ActiveCfg = Release|Any CPU
		{40C979B9-F39F-4B9F-904F-1141FBADD9F1}.Release|iPhoneSimulator.Build.0 = Release|Any CPU
		{40C979B9-F39F-4B9F-904F-1141FBADD9F1}.Release|iPhoneSimulator.Deploy.0 = Release|Any CPU
		{40C979B9-F39F-4B9F-904F-1141FBADD9F1}.Release|x64.ActiveCfg = Release|Any CPU
		{40C979B9-F39F-4B9F-904F-1141FBADD9F1}.Release|x64.Build.0 = Release|Any CPU
		{40C979B9-F39F-4B9F-904F-1141FBADD9F1}.Release|x64.Deploy.0 = Release|Any CPU
		{40C979B9-F39F-4B9F-904F-1141FBADD9F1}.Release|x86.ActiveCfg = Release|Any CPU
		{40C979B9-F39F-4B9F-904F-1141FBADD9F1}.Release|x86.Build.0 = Release|Any CPU
		{40C979B9-F39F-4B9F-904F-1141FBADD9F1}.Release|x86.Deploy.0 = Release|Any CPU
		{89090B7D-1465-4AA0-8603-9FFDEA8CD640}.Debug|Any CPU.ActiveCfg = Debug|iPhoneSimulator
		{89090B7D-1465-4AA0-8603-9FFDEA8CD640}.Debug|Any CPU.Build.0 = Debug|iPhoneSimulator
		{89090B7D-1465-4AA0-8603-9FFDEA8CD640}.Debug|Any CPU.Deploy.0 = Debug|iPhoneSimulator
		{89090B7D-1465-4AA0-8603-9FFDEA8CD640}.Debug|ARM.ActiveCfg = Debug|iPhoneSimulator
		{89090B7D-1465-4AA0-8603-9FFDEA8CD640}.Debug|ARM.Build.0 = Debug|iPhoneSimulator
		{89090B7D-1465-4AA0-8603-9FFDEA8CD640}.Debug|ARM.Deploy.0 = Debug|iPhoneSimulator
		{89090B7D-1465-4AA0-8603-9FFDEA8CD640}.Debug|iPhone.ActiveCfg = Debug|iPhone
		{89090B7D-1465-4AA0-8603-9FFDEA8CD640}.Debug|iPhone.Build.0 = Debug|iPhone
		{89090B7D-1465-4AA0-8603-9FFDEA8CD640}.Debug|iPhone.Deploy.0 = Debug|iPhone
		{89090B7D-1465-4AA0-8603-9FFDEA8CD640}.Debug|iPhoneSimulator.ActiveCfg = Debug|iPhoneSimulator
		{89090B7D-1465-4AA0-8603-9FFDEA8CD640}.Debug|iPhoneSimulator.Build.0 = Debug|iPhoneSimulator
		{89090B7D-1465-4AA0-8603-9FFDEA8CD640}.Debug|iPhoneSimulator.Deploy.0 = Debug|iPhoneSimulator
		{89090B7D-1465-4AA0-8603-9FFDEA8CD640}.Debug|x64.ActiveCfg = Debug|iPhone
		{89090B7D-1465-4AA0-8603-9FFDEA8CD640}.Debug|x64.Build.0 = Debug|iPhone
		{89090B7D-1465-4AA0-8603-9FFDEA8CD640}.Debug|x64.Deploy.0 = Debug|iPhone
		{89090B7D-1465-4AA0-8603-9FFDEA8CD640}.Debug|x86.ActiveCfg = Debug|iPhoneSimulator
		{89090B7D-1465-4AA0-8603-9FFDEA8CD640}.Debug|x86.Build.0 = Debug|iPhoneSimulator
		{89090B7D-1465-4AA0-8603-9FFDEA8CD640}.Debug|x86.Deploy.0 = Debug|iPhoneSimulator
		{89090B7D-1465-4AA0-8603-9FFDEA8CD640}.Release|Any CPU.ActiveCfg = Release|iPhoneSimulator
		{89090B7D-1465-4AA0-8603-9FFDEA8CD640}.Release|Any CPU.Build.0 = Release|iPhoneSimulator
		{89090B7D-1465-4AA0-8603-9FFDEA8CD640}.Release|Any CPU.Deploy.0 = Release|iPhoneSimulator
		{89090B7D-1465-4AA0-8603-9FFDEA8CD640}.Release|ARM.ActiveCfg = Release|iPhoneSimulator
		{89090B7D-1465-4AA0-8603-9FFDEA8CD640}.Release|ARM.Build.0 = Release|iPhoneSimulator
		{89090B7D-1465-4AA0-8603-9FFDEA8CD640}.Release|ARM.Deploy.0 = Release|iPhoneSimulator
		{89090B7D-1465-4AA0-8603-9FFDEA8CD640}.Release|iPhone.ActiveCfg = Release|iPhone
		{89090B7D-1465-4AA0-8603-9FFDEA8CD640}.Release|iPhone.Build.0 = Release|iPhone
		{89090B7D-1465-4AA0-8603-9FFDEA8CD640}.Release|iPhone.Deploy.0 = Release|iPhone
		{89090B7D-1465-4AA0-8603-9FFDEA8CD640}.Release|iPhoneSimulator.ActiveCfg = Release|iPhoneSimulator
		{89090B7D-1465-4AA0-8603-9FFDEA8CD640}.Release|iPhoneSimulator.Build.0 = Release|iPhoneSimulator
		{89090B7D-1465-4AA0-8603-9FFDEA8CD640}.Release|iPhoneSimulator.Deploy.0 = Release|iPhoneSimulator
		{89090B7D-1465-4AA0-8603-9FFDEA8CD640}.Release|x64.ActiveCfg = Release|iPhoneSimulator
		{89090B7D-1465-4AA0-8603-9FFDEA8CD640}.Release|x64.Build.0 = Release|iPhoneSimulator
		{89090B7D-1465-4AA0-8603-9FFDEA8CD640}.Release|x64.Deploy.0 = Release|iPhoneSimulator
		{89090B7D-1465-4AA0-8603-9FFDEA8CD640}.Release|x86.ActiveCfg = Release|iPhoneSimulator
		{89090B7D-1465-4AA0-8603-9FFDEA8CD640}.Release|x86.Build.0 = Release|iPhoneSimulator
		{89090B7D-1465-4AA0-8603-9FFDEA8CD640}.Release|x86.Deploy.0 = Release|iPhoneSimulator
		{EA0EF3E0-F6F1-43A8-8D1C-5D8CEF879D05}.Debug|Any CPU.ActiveCfg = Debug|Any CPU
		{EA0EF3E0-F6F1-43A8-8D1C-5D8CEF879D05}.Debug|Any CPU.Build.0 = Debug|Any CPU
		{EA0EF3E0-F6F1-43A8-8D1C-5D8CEF879D05}.Debug|Any CPU.Deploy.0 = Debug|Any CPU
		{EA0EF3E0-F6F1-43A8-8D1C-5D8CEF879D05}.Debug|ARM.ActiveCfg = Debug|Any CPU
		{EA0EF3E0-F6F1-43A8-8D1C-5D8CEF879D05}.Debug|ARM.Build.0 = Debug|Any CPU
		{EA0EF3E0-F6F1-43A8-8D1C-5D8CEF879D05}.Debug|ARM.Deploy.0 = Debug|Any CPU
		{EA0EF3E0-F6F1-43A8-8D1C-5D8CEF879D05}.Debug|iPhone.ActiveCfg = Debug|Any CPU
		{EA0EF3E0-F6F1-43A8-8D1C-5D8CEF879D05}.Debug|iPhone.Build.0 = Debug|Any CPU
		{EA0EF3E0-F6F1-43A8-8D1C-5D8CEF879D05}.Debug|iPhone.Deploy.0 = Debug|Any CPU
		{EA0EF3E0-F6F1-43A8-8D1C-5D8CEF879D05}.Debug|iPhoneSimulator.ActiveCfg = Debug|Any CPU
		{EA0EF3E0-F6F1-43A8-8D1C-5D8CEF879D05}.Debug|iPhoneSimulator.Build.0 = Debug|Any CPU
		{EA0EF3E0-F6F1-43A8-8D1C-5D8CEF879D05}.Debug|iPhoneSimulator.Deploy.0 = Debug|Any CPU
		{EA0EF3E0-F6F1-43A8-8D1C-5D8CEF879D05}.Debug|x64.ActiveCfg = Debug|Any CPU
		{EA0EF3E0-F6F1-43A8-8D1C-5D8CEF879D05}.Debug|x64.Build.0 = Debug|Any CPU
		{EA0EF3E0-F6F1-43A8-8D1C-5D8CEF879D05}.Debug|x64.Deploy.0 = Debug|Any CPU
		{EA0EF3E0-F6F1-43A8-8D1C-5D8CEF879D05}.Debug|x86.ActiveCfg = Debug|Any CPU
		{EA0EF3E0-F6F1-43A8-8D1C-5D8CEF879D05}.Debug|x86.Build.0 = Debug|Any CPU
		{EA0EF3E0-F6F1-43A8-8D1C-5D8CEF879D05}.Debug|x86.Deploy.0 = Debug|Any CPU
		{EA0EF3E0-F6F1-43A8-8D1C-5D8CEF879D05}.Release|Any CPU.ActiveCfg = Release|Any CPU
		{EA0EF3E0-F6F1-43A8-8D1C-5D8CEF879D05}.Release|Any CPU.Build.0 = Release|Any CPU
		{EA0EF3E0-F6F1-43A8-8D1C-5D8CEF879D05}.Release|Any CPU.Deploy.0 = Release|Any CPU
		{EA0EF3E0-F6F1-43A8-8D1C-5D8CEF879D05}.Release|ARM.ActiveCfg = Release|Any CPU
		{EA0EF3E0-F6F1-43A8-8D1C-5D8CEF879D05}.Release|ARM.Build.0 = Release|Any CPU
		{EA0EF3E0-F6F1-43A8-8D1C-5D8CEF879D05}.Release|ARM.Deploy.0 = Release|Any CPU
		{EA0EF3E0-F6F1-43A8-8D1C-5D8CEF879D05}.Release|iPhone.ActiveCfg = Release|Any CPU
		{EA0EF3E0-F6F1-43A8-8D1C-5D8CEF879D05}.Release|iPhone.Build.0 = Release|Any CPU
		{EA0EF3E0-F6F1-43A8-8D1C-5D8CEF879D05}.Release|iPhone.Deploy.0 = Release|Any CPU
		{EA0EF3E0-F6F1-43A8-8D1C-5D8CEF879D05}.Release|iPhoneSimulator.ActiveCfg = Release|Any CPU
		{EA0EF3E0-F6F1-43A8-8D1C-5D8CEF879D05}.Release|iPhoneSimulator.Build.0 = Release|Any CPU
		{EA0EF3E0-F6F1-43A8-8D1C-5D8CEF879D05}.Release|iPhoneSimulator.Deploy.0 = Release|Any CPU
		{EA0EF3E0-F6F1-43A8-8D1C-5D8CEF879D05}.Release|x64.ActiveCfg = Release|Any CPU
		{EA0EF3E0-F6F1-43A8-8D1C-5D8CEF879D05}.Release|x64.Build.0 = Release|Any CPU
		{EA0EF3E0-F6F1-43A8-8D1C-5D8CEF879D05}.Release|x64.Deploy.0 = Release|Any CPU
		{EA0EF3E0-F6F1-43A8-8D1C-5D8CEF879D05}.Release|x86.ActiveCfg = Release|Any CPU
		{EA0EF3E0-F6F1-43A8-8D1C-5D8CEF879D05}.Release|x86.Build.0 = Release|Any CPU
		{EA0EF3E0-F6F1-43A8-8D1C-5D8CEF879D05}.Release|x86.Deploy.0 = Release|Any CPU
	EndGlobalSection
	GlobalSection(SolutionProperties) = preSolution
		HideSolutionNode = FALSE
	EndGlobalSection
	GlobalSection(ExtensibilityGlobals) = postSolution
		SolutionGuid = {E9366ACA-DC00-464D-B03C-F2C1DEC64A2C}
	EndGlobalSection
EndGlobal
